
Microsoft Visual Studio Solution File, Format Version 12.00
# Visual Studio Version 16
VisualStudioVersion = 16.0.30503.244
MinimumVisualStudioVersion = 10.0.40219.1
Project("{9A19103F-16F7-4668-BE54-9A1E7A4F7556}") = "ChessLogicLibrary", "ChessLogicLibrary\ChessLogicLibrary.csproj", "{10380C64-FFC3-4F74-A233-EE5F9CE57EC9}"
EndProject
Project("{9A19103F-16F7-4668-BE54-9A1E7A4F7556}") = "XUnitChessTest", "XUnitChessTest\XUnitChessTest.csproj", "{EF5D903A-C970-4325-9E67-E823E3BD790B}"
EndProject
Project("{9A19103F-16F7-4668-BE54-9A1E7A4F7556}") = "JustAConsoleForChess", "JustAConsoleForChess\JustAConsoleForChess.csproj", "{EACB426F-E342-47DC-B5DA-D20D437982C2}"
EndProject
Project("{9A19103F-16F7-4668-BE54-9A1E7A4F7556}") = "ChessLogicEntityFramework", "ChessLogicEntityFramework\ChessLogicEntityFramework.csproj", "{882007BF-8F86-42A0-82F5-3B50E4460F5A}"
EndProject
Project("{9A19103F-16F7-4668-BE54-9A1E7A4F7556}") = "XUnitDbAccessEFTest", "XUnitDbAccessEFTest\XUnitDbAccessEFTest.csproj", "{44A73950-6080-4ACA-B275-C79C65BC6E37}"
EndProject
Project("{9A19103F-16F7-4668-BE54-9A1E7A4F7556}") = "ChessWebApiWithSockets", "ChessWebApiWithSockets\ChessWebApiWithSockets.csproj", "{F76A1293-CD57-43C2-B991-2D12B96F195D}"
EndProject
Project("{9A19103F-16F7-4668-BE54-9A1E7A4F7556}") = "ChessSignalRLibrary", "ChessSignalRLib\ChessSignalRLibrary.csproj", "{D28A5282-F57E-4B7C-B47D-59E4889D4C00}"
EndProject
Project("{FAE04EC0-301F-11D3-BF4B-00C04F79EFBC}") = "SharedWebObjectsLibrary", "WebHelperLibrary\SharedWebObjectsLibrary.csproj", "{E670E8A4-A501-4BEB-8F80-6954B44A655D}"
EndProject
Global
	GlobalSection(SolutionConfigurationPlatforms) = preSolution
		Debug|Any CPU = Debug|Any CPU
		Release|Any CPU = Release|Any CPU
	EndGlobalSection
	GlobalSection(ProjectConfigurationPlatforms) = postSolution
		{10380C64-FFC3-4F74-A233-EE5F9CE57EC9}.Debug|Any CPU.ActiveCfg = Debug|Any CPU
		{10380C64-FFC3-4F74-A233-EE5F9CE57EC9}.Debug|Any CPU.Build.0 = Debug|Any CPU
		{10380C64-FFC3-4F74-A233-EE5F9CE57EC9}.Release|Any CPU.ActiveCfg = Release|Any CPU
		{10380C64-FFC3-4F74-A233-EE5F9CE57EC9}.Release|Any CPU.Build.0 = Release|Any CPU
		{EF5D903A-C970-4325-9E67-E823E3BD790B}.Debug|Any CPU.ActiveCfg = Debug|Any CPU
		{EF5D903A-C970-4325-9E67-E823E3BD790B}.Debug|Any CPU.Build.0 = Debug|Any CPU
		{EF5D903A-C970-4325-9E67-E823E3BD790B}.Release|Any CPU.ActiveCfg = Release|Any CPU
		{EF5D903A-C970-4325-9E67-E823E3BD790B}.Release|Any CPU.Build.0 = Release|Any CPU
		{EACB426F-E342-47DC-B5DA-D20D437982C2}.Debug|Any CPU.ActiveCfg = Debug|Any CPU
		{EACB426F-E342-47DC-B5DA-D20D437982C2}.Debug|Any CPU.Build.0 = Debug|Any CPU
		{EACB426F-E342-47DC-B5DA-D20D437982C2}.Release|Any CPU.ActiveCfg = Release|Any CPU
		{EACB426F-E342-47DC-B5DA-D20D437982C2}.Release|Any CPU.Build.0 = Release|Any CPU
		{882007BF-8F86-42A0-82F5-3B50E4460F5A}.Debug|Any CPU.ActiveCfg = Debug|Any CPU
		{882007BF-8F86-42A0-82F5-3B50E4460F5A}.Debug|Any CPU.Build.0 = Debug|Any CPU
		{882007BF-8F86-42A0-82F5-3B50E4460F5A}.Release|Any CPU.ActiveCfg = Release|Any CPU
		{882007BF-8F86-42A0-82F5-3B50E4460F5A}.Release|Any CPU.Build.0 = Release|Any CPU
		{44A73950-6080-4ACA-B275-C79C65BC6E37}.Debug|Any CPU.ActiveCfg = Debug|Any CPU
		{44A73950-6080-4ACA-B275-C79C65BC6E37}.Debug|Any CPU.Build.0 = Debug|Any CPU
		{44A73950-6080-4ACA-B275-C79C65BC6E37}.Release|Any CPU.ActiveCfg = Release|Any CPU
		{44A73950-6080-4ACA-B275-C79C65BC6E37}.Release|Any CPU.Build.0 = Release|Any CPU
		{F76A1293-CD57-43C2-B991-2D12B96F195D}.Debug|Any CPU.ActiveCfg = Debug|Any CPU
		{F76A1293-CD57-43C2-B991-2D12B96F195D}.Debug|Any CPU.Build.0 = Debug|Any CPU
		{F76A1293-CD57-43C2-B991-2D12B96F195D}.Release|Any CPU.ActiveCfg = Release|Any CPU
		{F76A1293-CD57-43C2-B991-2D12B96F195D}.Release|Any CPU.Build.0 = Release|Any CPU
		{D28A5282-F57E-4B7C-B47D-59E4889D4C00}.Debug|Any CPU.ActiveCfg = Debug|Any CPU
		{D28A5282-F57E-4B7C-B47D-59E4889D4C00}.Debug|Any CPU.Build.0 = Debug|Any CPU
		{D28A5282-F57E-4B7C-B47D-59E4889D4C00}.Release|Any CPU.ActiveCfg = Release|Any CPU
		{D28A5282-F57E-4B7C-B47D-59E4889D4C00}.Release|Any CPU.Build.0 = Release|Any CPU
		{E670E8A4-A501-4BEB-8F80-6954B44A655D}.Debug|Any CPU.ActiveCfg = Debug|Any CPU
		{E670E8A4-A501-4BEB-8F80-6954B44A655D}.Debug|Any CPU.Build.0 = Debug|Any CPU
		{E670E8A4-A501-4BEB-8F80-6954B44A655D}.Release|Any CPU.ActiveCfg = Release|Any CPU
		{E670E8A4-A501-4BEB-8F80-6954B44A655D}.Release|Any CPU.Build.0 = Release|Any CPU
	EndGlobalSection
	GlobalSection(SolutionProperties) = preSolution
		HideSolutionNode = FALSE
	EndGlobalSection
	GlobalSection(ExtensibilityGlobals) = postSolution
		SolutionGuid = {29336BA8-F8E5-4A9F-BA36-511705799470}
	EndGlobalSection
EndGlobal
